Microsoft Visual Studio Solution File, Format Version 12.00
# Visual Studio 2015
Project("{8BC9CEB8-8B4A-11D0-8D11-00A0C91BC942}") = "QMyPlugin", "D:/CodeManage/MyFramework/Dispenser/sdk/QMyPlugin\QMyPlugin.vcxproj", "{CB06E373-D84E-3512-AE4B-EFAF815A9A9F}"
EndProject
Project("{8BC9CEB8-8B4A-11D0-8D11-00A0C91BC942}") = "QFlex", "D:/CodeManage/MyFramework/Dispenser/sdk/QFlex\QFlex.vcxproj", "{EAE13C6B-174A-38B9-AF77-93743F655AD3}"
EndProject
Global
	GlobalSection(SolutionConfigurationPlatforms) = preSolution
		Debug|Win32 = Debug|Win32
		Release|Win32 = Release|Win32
	EndGlobalSection
	GlobalSection(ProjectConfigurationPlatforms) = postSolution
		{CB06E373-D84E-3512-AE4B-EFAF815A9A9F}.Debug|Win32.ActiveCfg = Debug|Win32
		{CB06E373-D84E-3512-AE4B-EFAF815A9A9F}.Debug|Win32.Build.0 = Debug|Win32
		{CB06E373-D84E-3512-AE4B-EFAF815A9A9F}.Release|Win32.ActiveCfg = Release|Win32
		{CB06E373-D84E-3512-AE4B-EFAF815A9A9F}.Release|Win32.Build.0 = Release|Win32
		{EAE13C6B-174A-38B9-AF77-93743F655AD3}.Debug|Win32.ActiveCfg = Debug|Win32
		{EAE13C6B-174A-38B9-AF77-93743F655AD3}.Debug|Win32.Build.0 = Debug|Win32
		{EAE13C6B-174A-38B9-AF77-93743F655AD3}.Release|Win32.ActiveCfg = Release|Win32
		{EAE13C6B-174A-38B9-AF77-93743F655AD3}.Release|Win32.Build.0 = Release|Win32
	EndGlobalSection
	GlobalSection(ExtensibilityGlobals) = postSolution
	EndGlobalSection
	GlobalSection(ExtensibilityAddIns) = postSolution
	EndGlobalSection
EndGlobal